// !$*UTF8*$!
{
	archiveVersion = 1;
	classes = {
	};
	objectVersion = 46;
	objects = {

/* Begin PBXBuildFile section */
		1E2F7376A4084047D6462A39 /* Pods.framework in Frameworks */ = {isa = PBXBuildFile; fileRef = 0DABF2F1FD61703DF6AA0F84 /* Pods.framework */; };
		E429BCB61D38BD0300A4FAC0 /* Assets.xcassets in Resources */ = {isa = PBXBuildFile; fileRef = E429BCB51D38BD0300A4FAC0 /* Assets.xcassets */; };
		E446CFBF1CE1C5CF007FD645 /* MainViewController.m in Sources */ = {isa = PBXBuildFile; fileRef = E446CFBE1CE1C5CF007FD645 /* MainViewController.m */; };
		E45539101CE6ECC900ECD499 /* MeTableViewController.m in Sources */ = {isa = PBXBuildFile; fileRef = E455390F1CE6ECC900ECD499 /* MeTableViewController.m */; };
		E45539141CE6EFA700ECD499 /* AddFriendTableViewController.m in Sources */ = {isa = PBXBuildFile; fileRef = E45539131CE6EFA700ECD499 /* AddFriendTableViewController.m */; };
		E45539171CE6FA9800ECD499 /* FriendTableViewController.m in Sources */ = {isa = PBXBuildFile; fileRef = E45539161CE6FA9800ECD499 /* FriendTableViewController.m */; };
		E4666B531D3600F400C90B6D /* Sheet+CoreDataProperties.m in Sources */ = {isa = PBXBuildFile; fileRef = E4666B501D3600F400C90B6D /* Sheet+CoreDataProperties.m */; };
		E4666B541D3600F400C90B6D /* Sheet.m in Sources */ = {isa = PBXBuildFile; fileRef = E4666B521D3600F400C90B6D /* Sheet.m */; };
		E4666B571D36017700C90B6D /* InternetResponse.m in Sources */ = {isa = PBXBuildFile; fileRef = E4666B561D36017700C90B6D /* InternetResponse.m */; };
		E4666B5A1D3606C900C90B6D /* SheetDao.m in Sources */ = {isa = PBXBuildFile; fileRef = E4666B591D3606C900C90B6D /* SheetDao.m */; };
		E4666B5D1D3636DD00C90B6D /* SheetTableViewController.m in Sources */ = {isa = PBXBuildFile; fileRef = E4666B5C1D3636DD00C90B6D /* SheetTableViewController.m */; };
		E488B1261CDDB594009CA5C4 /* InternetHelper.m in Sources */ = {isa = PBXBuildFile; fileRef = E488B1251CDDB594009CA5C4 /* InternetHelper.m */; };
		E488B1291CDDBD61009CA5C4 /* LoginViewController.m in Sources */ = {isa = PBXBuildFile; fileRef = E488B1281CDDBD61009CA5C4 /* LoginViewController.m */; };
		E488B12C1CDDC36F009CA5C4 /* Model.xcdatamodeld in Sources */ = {isa = PBXBuildFile; fileRef = E488B12A1CDDC36F009CA5C4 /* Model.xcdatamodeld */; };
		E488B1321CDDC83E009CA5C4 /* User+CoreDataProperties.m in Sources */ = {isa = PBXBuildFile; fileRef = E488B12F1CDDC83E009CA5C4 /* User+CoreDataProperties.m */; };
		E488B1331CDDC83E009CA5C4 /* User.m in Sources */ = {isa = PBXBuildFile; fileRef = E488B1311CDDC83E009CA5C4 /* User.m */; };
		E488B1361CDDCA7E009CA5C4 /* DaoTemplate.m in Sources */ = {isa = PBXBuildFile; fileRef = E488B1351CDDCA7E009CA5C4 /* DaoTemplate.m */; };
		E488B13A1CDDCB42009CA5C4 /* UserDao.m in Sources */ = {isa = PBXBuildFile; fileRef = E488B1391CDDCB42009CA5C4 /* UserDao.m */; };
		E488B13D1CDDD02A009CA5C4 /* DaoManager.m in Sources */ = {isa = PBXBuildFile; fileRef = E488B13C1CDDD02A009CA5C4 /* DaoManager.m */; };
		E488ECD11CF9750100253CF2 /* SheetsTableViewController.m in Sources */ = {isa = PBXBuildFile; fileRef = E488ECD01CF9750100253CF2 /* SheetsTableViewController.m */; };
		E488ECD41CF9751800253CF2 /* AddSheetViewController.m in Sources */ = {isa = PBXBuildFile; fileRef = E488ECD31CF9751800253CF2 /* AddSheetViewController.m */; };
		E495C17D1CF037CF0010D0CC /* FriendRequestViewController.m in Sources */ = {isa = PBXBuildFile; fileRef = E495C17C1CF037CF0010D0CC /* FriendRequestViewController.m */; };
		E4AB32991D3480BD0037B892 /* AlertTool.m in Sources */ = {isa = PBXBuildFile; fileRef = E4AB32981D3480BD0037B892 /* AlertTool.m */; };
		E4AC3E1E1CF961070052AC6F /* Friend+CoreDataProperties.m in Sources */ = {isa = PBXBuildFile; fileRef = E4AC3E1B1CF961070052AC6F /* Friend+CoreDataProperties.m */; };
		E4AC3E1F1CF961070052AC6F /* Friend.m in Sources */ = {isa = PBXBuildFile; fileRef = E4AC3E1D1CF961070052AC6F /* Friend.m */; };
		E4AC3E221CF961400052AC6F /* FriendDao.m in Sources */ = {isa = PBXBuildFile; fileRef = E4AC3E211CF961400052AC6F /* FriendDao.m */; };
		E4AC3E251CF9653A0052AC6F /* FriendRequestTableViewController.m in Sources */ = {isa = PBXBuildFile; fileRef = E4AC3E241CF9653A0052AC6F /* FriendRequestTableViewController.m */; };
		E4B130231D375521008FF103 /* NameViewController.m in Sources */ = {isa = PBXBuildFile; fileRef = E4B130221D375521008FF103 /* NameViewController.m */; };
		E4B130261D375BCE008FF103 /* MyProfileTableViewController.m in Sources */ = {isa = PBXBuildFile; fileRef = E4B130251D375BCE008FF103 /* MyProfileTableViewController.m */; };
		E4B130291D375D6C008FF103 /* DateTool.m in Sources */ = {isa = PBXBuildFile; fileRef = E4B130281D375D6C008FF103 /* DateTool.m */; };
		E4B86B901CC897D0005DDF25 /* main.m in Sources */ = {isa = PBXBuildFile; fileRef = E4B86B8F1CC897D0005DDF25 /* main.m */; };
		E4B86B931CC897D0005DDF25 /* AppDelegate.m in Sources */ = {isa = PBXBuildFile; fileRef = E4B86B921CC897D0005DDF25 /* AppDelegate.m */; };
		E4B86B9C1CC897D0005DDF25 /* Main.storyboard in Resources */ = {isa = PBXBuildFile; fileRef = E4B86B9A1CC897D0005DDF25 /* Main.storyboard */; };
		E4B86BA11CC897D0005DDF25 /* LaunchScreen.storyboard in Resources */ = {isa = PBXBuildFile; fileRef = E4B86B9F1CC897D0005DDF25 /* LaunchScreen.storyboard */; };
		E4B86BAC1CC897D0005DDF25 /* MuShare_iOSTests.m in Sources */ = {isa = PBXBuildFile; fileRef = E4B86BAB1CC897D0005DDF25 /* MuShare_iOSTests.m */; };
		E4B86BB71CC897D0005DDF25 /* MuShare_iOSUITests.m in Sources */ = {isa = PBXBuildFile; fileRef = E4B86BB61CC897D0005DDF25 /* MuShare_iOSUITests.m */; };
		E4B86BC51CC89BF8005DDF25 /* login-bg.jpg in Resources */ = {isa = PBXBuildFile; fileRef = E4B86BC41CC89BF8005DDF25 /* login-bg.jpg */; };
		E4C1BC7C1CD49BA400AB3F9A /* RegisterViewController.m in Sources */ = {isa = PBXBuildFile; fileRef = E4C1BC7B1CD49BA400AB3F9A /* RegisterViewController.m */; };
/* End PBXBuildFile section */

/* Begin PBXContainerItemProxy section */
		E4B86BA81CC897D0005DDF25 /* PBXContainerItemProxy */ = {
			isa = PBXContainerItemProxy;
			containerPortal = E4B86B831CC897D0005DDF25 /* Project object */;
			proxyType = 1;
			remoteGlobalIDString = E4B86B8A1CC897D0005DDF25;
			remoteInfo = "MuShare-iOS";
		};
		E4B86BB31CC897D0005DDF25 /* PBXContainerItemProxy */ = {
			isa = PBXContainerItemProxy;
			containerPortal = E4B86B831CC897D0005DDF25 /* Project object */;
			proxyType = 1;
			remoteGlobalIDString = E4B86B8A1CC897D0005DDF25;
			remoteInfo = "MuShare-iOS";
		};
/* End PBXContainerItemProxy section */

/* Begin PBXFileReference section */
		0DABF2F1FD61703DF6AA0F84 /* Pods.framework */ = {isa = PBXFileReference; explicitFileType = wrapper.framework; includeInIndex = 0; path = Pods.framework; sourceTree = BUILT_PRODUCTS_DIR; };
		E429BCB51D38BD0300A4FAC0 /* Assets.xcassets */ = {isa = PBXFileReference; lastKnownFileType = folder.assetcatalog; path = Assets.xcassets; sourceTree = "<group>"; };
		E446CFBD1CE1C5CF007FD645 /* MainViewController.h */ = {isa = PBXFileReference; fileEncoding = 4; lastKnownFileType = sourcecode.c.h; path = MainViewController.h; sourceTree = "<group>"; };
		E446CFBE1CE1C5CF007FD645 /* MainViewController.m */ = {isa = PBXFileReference; fileEncoding = 4; lastKnownFileType = sourcecode.c.objc; path = MainViewController.m; sourceTree = "<group>"; };
		E455390E1CE6ECC900ECD499 /* MeTableViewController.h */ = {isa = PBXFileReference; fileEncoding = 4; lastKnownFileType = sourcecode.c.h; path = MeTableViewController.h; sourceTree = "<group>"; };
		E455390F1CE6ECC900ECD499 /* MeTableViewController.m */ = {isa = PBXFileReference; fileEncoding = 4; lastKnownFileType = sourcecode.c.objc; path = MeTableViewController.m; sourceTree = "<group>"; };
		E45539121CE6EFA700ECD499 /* AddFriendTableViewController.h */ = {isa = PBXFileReference; fileEncoding = 4; lastKnownFileType = sourcecode.c.h; path = AddFriendTableViewController.h; sourceTree = "<group>"; };
		E45539131CE6EFA700ECD499 /* AddFriendTableViewController.m */ = {isa = PBXFileReference; fileEncoding = 4; lastKnownFileType = sourcecode.c.objc; path = AddFriendTableViewController.m; sourceTree = "<group>"; };
		E45539151CE6FA9800ECD499 /* FriendTableViewController.h */ = {isa = PBXFileReference; fileEncoding = 4; lastKnownFileType = sourcecode.c.h; path = FriendTableViewController.h; sourceTree = "<group>"; };
		E45539161CE6FA9800ECD499 /* FriendTableViewController.m */ = {isa = PBXFileReference; fileEncoding = 4; lastKnownFileType = sourcecode.c.objc; path = FriendTableViewController.m; sourceTree = "<group>"; };
		E4666B4F1D3600F400C90B6D /* Sheet+CoreDataProperties.h */ = {isa = PBXFileReference; fileEncoding = 4; lastKnownFileType = sourcecode.c.h; path = "Sheet+CoreDataProperties.h"; sourceTree = "<group>"; };
		E4666B501D3600F400C90B6D /* Sheet+CoreDataProperties.m */ = {isa = PBXFileReference; fileEncoding = 4; lastKnownFileType = sourcecode.c.objc; path = "Sheet+CoreDataProperties.m"; sourceTree = "<group>"; };
		E4666B511D3600F400C90B6D /* Sheet.h */ = {isa = PBXFileReference; fileEncoding = 4; lastKnownFileType = sourcecode.c.h; path = Sheet.h; sourceTree = "<group>"; };
		E4666B521D3600F400C90B6D /* Sheet.m */ = {isa = PBXFileReference; fileEncoding = 4; lastKnownFileType = sourcecode.c.objc; path = Sheet.m; sourceTree = "<group>"; };
		E4666B551D36017700C90B6D /* InternetResponse.h */ = {isa = PBXFileReference; fileEncoding = 4; lastKnownFileType = sourcecode.c.h; path = InternetResponse.h; sourceTree = "<group>"; };
		E4666B561D36017700C90B6D /* InternetResponse.m */ = {isa = PBXFileReference; fileEncoding = 4; lastKnownFileType = sourcecode.c.objc; path = InternetResponse.m; sourceTree = "<group>"; };
		E4666B581D3606C900C90B6D /* SheetDao.h */ = {isa = PBXFileReference; fileEncoding = 4; lastKnownFileType = sourcecode.c.h; path = SheetDao.h; sourceTree = "<group>"; };
		E4666B591D3606C900C90B6D /* SheetDao.m */ = {isa = PBXFileReference; fileEncoding = 4; lastKnownFileType = sourcecode.c.objc; path = SheetDao.m; sourceTree = "<group>"; };
		E4666B5B1D3636DD00C90B6D /* SheetTableViewController.h */ = {isa = PBXFileReference; fileEncoding = 4; lastKnownFileType = sourcecode.c.h; path = SheetTableViewController.h; sourceTree = "<group>"; };
		E4666B5C1D3636DD00C90B6D /* SheetTableViewController.m */ = {isa = PBXFileReference; fileEncoding = 4; lastKnownFileType = sourcecode.c.objc; path = SheetTableViewController.m; sourceTree = "<group>"; };
		E488B1241CDDB594009CA5C4 /* InternetHelper.h */ = {isa = PBXFileReference; fileEncoding = 4; lastKnownFileType = sourcecode.c.h; path = InternetHelper.h; sourceTree = "<group>"; };
		E488B1251CDDB594009CA5C4 /* InternetHelper.m */ = {isa = PBXFileReference; fileEncoding = 4; lastKnownFileType = sourcecode.c.objc; path = InternetHelper.m; sourceTree = "<group>"; };
		E488B1271CDDBD61009CA5C4 /* LoginViewController.h */ = {isa = PBXFileReference; fileEncoding = 4; lastKnownFileType = sourcecode.c.h; path = LoginViewController.h; sourceTree = "<group>"; };
		E488B1281CDDBD61009CA5C4 /* LoginViewController.m */ = {isa = PBXFileReference; fileEncoding = 4; lastKnownFileType = sourcecode.c.objc; path = LoginViewController.m; sourceTree = "<group>"; };
		E488B12B1CDDC36F009CA5C4 /* Model.xcdatamodel */ = {isa = PBXFileReference; lastKnownFileType = wrapper.xcdatamodel; path = Model.xcdatamodel; sourceTree = "<group>"; };
		E488B12E1CDDC83E009CA5C4 /* User+CoreDataProperties.h */ = {isa = PBXFileReference; fileEncoding = 4; lastKnownFileType = sourcecode.c.h; path = "User+CoreDataProperties.h"; sourceTree = "<group>"; };
		E488B12F1CDDC83E009CA5C4 /* User+CoreDataProperties.m */ = {isa = PBXFileReference; fileEncoding = 4; lastKnownFileType = sourcecode.c.objc; path = "User+CoreDataProperties.m"; sourceTree = "<group>"; };
		E488B1301CDDC83E009CA5C4 /* User.h */ = {isa = PBXFileReference; fileEncoding = 4; lastKnownFileType = sourcecode.c.h; path = User.h; sourceTree = "<group>"; };
		E488B1311CDDC83E009CA5C4 /* User.m */ = {isa = PBXFileReference; fileEncoding = 4; lastKnownFileType = sourcecode.c.objc; path = User.m; sourceTree = "<group>"; };
		E488B1341CDDCA7E009CA5C4 /* DaoTemplate.h */ = {isa = PBXFileReference; fileEncoding = 4; lastKnownFileType = sourcecode.c.h; path = DaoTemplate.h; sourceTree = "<group>"; };
		E488B1351CDDCA7E009CA5C4 /* DaoTemplate.m */ = {isa = PBXFileReference; fileEncoding = 4; lastKnownFileType = sourcecode.c.objc; path = DaoTemplate.m; sourceTree = "<group>"; };
		E488B1381CDDCB42009CA5C4 /* UserDao.h */ = {isa = PBXFileReference; fileEncoding = 4; lastKnownFileType = sourcecode.c.h; path = UserDao.h; sourceTree = "<group>"; };
		E488B1391CDDCB42009CA5C4 /* UserDao.m */ = {isa = PBXFileReference; fileEncoding = 4; lastKnownFileType = sourcecode.c.objc; path = UserDao.m; sourceTree = "<group>"; };
		E488B13B1CDDD02A009CA5C4 /* DaoManager.h */ = {isa = PBXFileReference; fileEncoding = 4; lastKnownFileType = sourcecode.c.h; path = DaoManager.h; sourceTree = "<group>"; };
		E488B13C1CDDD02A009CA5C4 /* DaoManager.m */ = {isa = PBXFileReference; fileEncoding = 4; lastKnownFileType = sourcecode.c.objc; path = DaoManager.m; sourceTree = "<group>"; };
		E488ECCF1CF9750100253CF2 /* SheetsTableViewController.h */ = {isa = PBXFileReference; fileEncoding = 4; lastKnownFileType = sourcecode.c.h; path = SheetsTableViewController.h; sourceTree = "<group>"; };
		E488ECD01CF9750100253CF2 /* SheetsTableViewController.m */ = {isa = PBXFileReference; fileEncoding = 4; lastKnownFileType = sourcecode.c.objc; path = SheetsTableViewController.m; sourceTree = "<group>"; };
		E488ECD21CF9751800253CF2 /* AddSheetViewController.h */ = {isa = PBXFileReference; fileEncoding = 4; lastKnownFileType = sourcecode.c.h; path = AddSheetViewController.h; sourceTree = "<group>"; };
		E488ECD31CF9751800253CF2 /* AddSheetViewController.m */ = {isa = PBXFileReference; fileEncoding = 4; lastKnownFileType = sourcecode.c.objc; path = AddSheetViewController.m; sourceTree = "<group>"; };
		E495C17B1CF037CF0010D0CC /* FriendRequestViewController.h */ = {isa = PBXFileReference; fileEncoding = 4; lastKnownFileType = sourcecode.c.h; path = FriendRequestViewController.h; sourceTree = "<group>"; };
		E495C17C1CF037CF0010D0CC /* FriendRequestViewController.m */ = {isa = PBXFileReference; fileEncoding = 4; lastKnownFileType = sourcecode.c.objc; path = FriendRequestViewController.m; sourceTree = "<group>"; };
		E4AB32971D3480BD0037B892 /* AlertTool.h */ = {isa = PBXFileReference; fileEncoding = 4; lastKnownFileType = sourcecode.c.h; path = AlertTool.h; sourceTree = "<group>"; };
		E4AB32981D3480BD0037B892 /* AlertTool.m */ = {isa = PBXFileReference; fileEncoding = 4; lastKnownFileType = sourcecode.c.objc; path = AlertTool.m; sourceTree = "<group>"; };
		E4AC3E1A1CF961070052AC6F /* Friend+CoreDataProperties.h */ = {isa = PBXFileReference; fileEncoding = 4; lastKnownFileType = sourcecode.c.h; path = "Friend+CoreDataProperties.h"; sourceTree = "<group>"; };
		E4AC3E1B1CF961070052AC6F /* Friend+CoreDataProperties.m */ = {isa = PBXFileReference; fileEncoding = 4; lastKnownFileType = sourcecode.c.objc; path = "Friend+CoreDataProperties.m"; sourceTree = "<group>"; };
		E4AC3E1C1CF961070052AC6F /* Friend.h */ = {isa = PBXFileReference; fileEncoding = 4; lastKnownFileType = sourcecode.c.h; path = Friend.h; sourceTree = "<group>"; };
		E4AC3E1D1CF961070052AC6F /* Friend.m */ = {isa = PBXFileReference; fileEncoding = 4; lastKnownFileType = sourcecode.c.objc; path = Friend.m; sourceTree = "<group>"; };
		E4AC3E201CF961400052AC6F /* FriendDao.h */ = {isa = PBXFileReference; fileEncoding = 4; lastKnownFileType = sourcecode.c.h; path = FriendDao.h; sourceTree = "<group>"; };
		E4AC3E211CF961400052AC6F /* FriendDao.m */ = {isa = PBXFileReference; fileEncoding = 4; lastKnownFileType = sourcecode.c.objc; path = FriendDao.m; sourceTree = "<group>"; };
		E4AC3E231CF9653A0052AC6F /* FriendRequestTableViewController.h */ = {isa = PBXFileReference; fileEncoding = 4; lastKnownFileType = sourcecode.c.h; path = FriendRequestTableViewController.h; sourceTree = "<group>"; };
		E4AC3E241CF9653A0052AC6F /* FriendRequestTableViewController.m */ = {isa = PBXFileReference; fileEncoding = 4; lastKnownFileType = sourcecode.c.objc; path = FriendRequestTableViewController.m; sourceTree = "<group>"; };
		E4B130211D375521008FF103 /* NameViewController.h */ = {isa = PBXFileReference; fileEncoding = 4; lastKnownFileType = sourcecode.c.h; path = NameViewController.h; sourceTree = "<group>"; };
		E4B130221D375521008FF103 /* NameViewController.m */ = {isa = PBXFileReference; fileEncoding = 4; lastKnownFileType = sourcecode.c.objc; path = NameViewController.m; sourceTree = "<group>"; };
		E4B130241D375BCE008FF103 /* MyProfileTableViewController.h */ = {isa = PBXFileReference; fileEncoding = 4; lastKnownFileType = sourcecode.c.h; path = MyProfileTableViewController.h; sourceTree = "<group>"; };
		E4B130251D375BCE008FF103 /* MyProfileTableViewController.m */ = {isa = PBXFileReference; fileEncoding = 4; lastKnownFileType = sourcecode.c.objc; path = MyProfileTableViewController.m; sourceTree = "<group>"; };
		E4B130271D375D6C008FF103 /* DateTool.h */ = {isa = PBXFileReference; fileEncoding = 4; lastKnownFileType = sourcecode.c.h; path = DateTool.h; sourceTree = "<group>"; };
		E4B130281D375D6C008FF103 /* DateTool.m */ = {isa = PBXFileReference; fileEncoding = 4; lastKnownFileType = sourcecode.c.objc; path = DateTool.m; sourceTree = "<group>"; };
		E4B86B8B1CC897D0005DDF25 /* MuShare-iOS.app */ = {isa = PBXFileReference; explicitFileType = wrapper.application; includeInIndex = 0; path = "MuShare-iOS.app"; sourceTree = BUILT_PRODUCTS_DIR; };
		E4B86B8F1CC897D0005DDF25 /* main.m */ = {isa = PBXFileReference; lastKnownFileType = sourcecode.c.objc; path = main.m; sourceTree = "<group>"; };
		E4B86B911CC897D0005DDF25 /* AppDelegate.h */ = {isa = PBXFileReference; lastKnownFileType = sourcecode.c.h; path = AppDelegate.h; sourceTree = "<group>"; };
		E4B86B921CC897D0005DDF25 /* AppDelegate.m */ = {isa = PBXFileReference; lastKnownFileType = sourcecode.c.objc; path = AppDelegate.m; sourceTree = "<group>"; };
		E4B86B9B1CC897D0005DDF25 /* Base */ = {isa = PBXFileReference; lastKnownFileType = file.storyboard; name = Base; path = Base.lproj/Main.storyboard; sourceTree = "<group>"; };
		E4B86BA01CC897D0005DDF25 /* Base */ = {isa = PBXFileReference; lastKnownFileType = file.storyboard; name = Base; path = Base.lproj/LaunchScreen.storyboard; sourceTree = "<group>"; };
		E4B86BA21CC897D0005DDF25 /* Info.plist */ = {isa = PBXFileReference; lastKnownFileType = text.plist.xml; path = Info.plist; sourceTree = "<group>"; };
		E4B86BA71CC897D0005DDF25 /* MuShare-iOSTests.xctest */ = {isa = PBXFileReference; explicitFileType = wrapper.cfbundle; includeInIndex = 0; path = "MuShare-iOSTests.xctest"; sourceTree = BUILT_PRODUCTS_DIR; };
		E4B86BAB1CC897D0005DDF25 /* MuShare_iOSTests.m */ = {isa = PBXFileReference; lastKnownFileType = sourcecode.c.objc; path = MuShare_iOSTests.m; sourceTree = "<group>"; };
		E4B86BAD1CC897D0005DDF25 /* Info.plist */ = {isa = PBXFileReference; lastKnownFileType = text.plist.xml; path = Info.plist; sourceTree = "<group>"; };
		E4B86BB21CC897D0005DDF25 /* MuShare-iOSUITests.xctest */ = {isa = PBXFileReference; explicitFileType = wrapper.cfbundle; includeInIndex = 0; path = "MuShare-iOSUITests.xctest"; sourceTree = BUILT_PRODUCTS_DIR; };
		E4B86BB61CC897D0005DDF25 /* MuShare_iOSUITests.m */ = {isa = PBXFileReference; lastKnownFileType = sourcecode.c.objc; path = MuShare_iOSUITests.m; sourceTree = "<group>"; };
		E4B86BB81CC897D0005DDF25 /* Info.plist */ = {isa = PBXFileReference; lastKnownFileType = text.plist.xml; path = Info.plist; sourceTree = "<group>"; };
		E4B86BC41CC89BF8005DDF25 /* login-bg.jpg */ = {isa = PBXFileReference; lastKnownFileType = image.jpeg; path = "login-bg.jpg"; sourceTree = "<group>"; };
		E4C1BC7A1CD49BA400AB3F9A /* RegisterViewController.h */ = {isa = PBXFileReference; fileEncoding = 4; lastKnownFileType = sourcecode.c.h; path = RegisterViewController.h; sourceTree = "<group>"; };
		E4C1BC7B1CD49BA400AB3F9A /* RegisterViewController.m */ = {isa = PBXFileReference; fileEncoding = 4; lastKnownFileType = sourcecode.c.objc; path = RegisterViewController.m; sourceTree = "<group>"; };
		EA5EC9F7DD476308D303B5C2 /* Pods.debug.xcconfig */ = {isa = PBXFileReference; includeInIndex = 1; lastKnownFileType = text.xcconfig; name = Pods.debug.xcconfig; path = "Pods/Target Support Files/Pods/Pods.debug.xcconfig"; sourceTree = "<group>"; };
		EC9D01923BC1E766110F0C4A /* Pods.release.xcconfig */ = {isa = PBXFileReference; includeInIndex = 1; lastKnownFileType = text.xcconfig; name = Pods.release.xcconfig; path = "Pods/Target Support Files/Pods/Pods.release.xcconfig"; sourceTree = "<group>"; };
/* End PBXFileReference section */

/* Begin PBXFrameworksBuildPhase section */
		E4B86B881CC897D0005DDF25 /* Frameworks */ = {
			isa = PBXFrameworksBuildPhase;
			buildActionMask = 2147483647;
			files = (
				1E2F7376A4084047D6462A39 /* Pods.framework in Frameworks */,
			);
			runOnlyForDeploymentPostprocessing = 0;
		};
		E4B86BA41CC897D0005DDF25 /* Frameworks */ = {
			isa = PBXFrameworksBuildPhase;
			buildActionMask = 2147483647;
			files = (
			);
			runOnlyForDeploymentPostprocessing = 0;
		};
		E4B86BAF1CC897D0005DDF25 /* Frameworks */ = {
			isa = PBXFrameworksBuildPhase;
			buildActionMask = 2147483647;
			files = (
			);
			runOnlyForDeploymentPostprocessing = 0;
		};
/* End PBXFrameworksBuildPhase section */

/* Begin PBXGroup section */
		B7E7106E753604EC6B2B090E /* Frameworks */ = {
			isa = PBXGroup;
			children = (
				0DABF2F1FD61703DF6AA0F84 /* Pods.framework */,
			);
			name = Frameworks;
			sourceTree = "<group>";
		};
		C82813C36F272214AD3D6B76 /* Pods */ = {
			isa = PBXGroup;
			children = (
				EA5EC9F7DD476308D303B5C2 /* Pods.debug.xcconfig */,
				EC9D01923BC1E766110F0C4A /* Pods.release.xcconfig */,
			);
			name = Pods;
			sourceTree = "<group>";
		};
		E446CFBC1CE1C5BB007FD645 /* Main */ = {
			isa = PBXGroup;
			children = (
				E446CFBD1CE1C5CF007FD645 /* MainViewController.h */,
				E446CFBE1CE1C5CF007FD645 /* MainViewController.m */,
			);
			name = Main;
			sourceTree = "<group>";
		};
		E45539111CE6EF9000ECD499 /* Friend */ = {
			isa = PBXGroup;
			children = (
				E45539121CE6EFA700ECD499 /* AddFriendTableViewController.h */,
				E45539131CE6EFA700ECD499 /* AddFriendTableViewController.m */,
				E4AC3E231CF9653A0052AC6F /* FriendRequestTableViewController.h */,
				E4AC3E241CF9653A0052AC6F /* FriendRequestTableViewController.m */,
				E495C17B1CF037CF0010D0CC /* FriendRequestViewController.h */,
				E495C17C1CF037CF0010D0CC /* FriendRequestViewController.m */,
				E45539151CE6FA9800ECD499 /* FriendTableViewController.h */,
				E45539161CE6FA9800ECD499 /* FriendTableViewController.m */,
			);
			name = Friend;
			sourceTree = "<group>";
		};
		E488B12D1CDDC37C009CA5C4 /* Model */ = {
			isa = PBXGroup;
			children = (
				E4666B4F1D3600F400C90B6D /* Sheet+CoreDataProperties.h */,
				E4666B501D3600F400C90B6D /* Sheet+CoreDataProperties.m */,
				E4666B511D3600F400C90B6D /* Sheet.h */,
				E4666B521D3600F400C90B6D /* Sheet.m */,
				E4AC3E1A1CF961070052AC6F /* Friend+CoreDataProperties.h */,
				E4AC3E1B1CF961070052AC6F /* Friend+CoreDataProperties.m */,
				E4AC3E1C1CF961070052AC6F /* Friend.h */,
				E4AC3E1D1CF961070052AC6F /* Friend.m */,
				E488B12E1CDDC83E009CA5C4 /* User+CoreDataProperties.h */,
				E488B12F1CDDC83E009CA5C4 /* User+CoreDataProperties.m */,
				E488B1301CDDC83E009CA5C4 /* User.h */,
				E488B1311CDDC83E009CA5C4 /* User.m */,
				E488B12A1CDDC36F009CA5C4 /* Model.xcdatamodeld */,
			);
			name = Model;
			sourceTree = "<group>";
		};
		E488B1371CDDCB28009CA5C4 /* Dao */ = {
			isa = PBXGroup;
			children = (
				E488B13B1CDDD02A009CA5C4 /* DaoManager.h */,
				E488B13C1CDDD02A009CA5C4 /* DaoManager.m */,
				E488B1341CDDCA7E009CA5C4 /* DaoTemplate.h */,
				E488B1351CDDCA7E009CA5C4 /* DaoTemplate.m */,
				E488B1381CDDCB42009CA5C4 /* UserDao.h */,
				E488B1391CDDCB42009CA5C4 /* UserDao.m */,
				E4AC3E201CF961400052AC6F /* FriendDao.h */,
				E4AC3E211CF961400052AC6F /* FriendDao.m */,
				E4666B581D3606C900C90B6D /* SheetDao.h */,
				E4666B591D3606C900C90B6D /* SheetDao.m */,
			);
			name = Dao;
			sourceTree = "<group>";
		};
		E488ECCE1CF974EF00253CF2 /* Sheet */ = {
			isa = PBXGroup;
			children = (
				E488ECCF1CF9750100253CF2 /* SheetsTableViewController.h */,
				E488ECD01CF9750100253CF2 /* SheetsTableViewController.m */,
				E488ECD21CF9751800253CF2 /* AddSheetViewController.h */,
				E488ECD31CF9751800253CF2 /* AddSheetViewController.m */,
				E4666B5B1D3636DD00C90B6D /* SheetTableViewController.h */,
				E4666B5C1D3636DD00C90B6D /* SheetTableViewController.m */,
			);
			name = Sheet;
			sourceTree = "<group>";
		};
		E4B86B821CC897D0005DDF25 = {
			isa = PBXGroup;
			children = (
				E4B86B8D1CC897D0005DDF25 /* MuShare-iOS */,
				E4B86BAA1CC897D0005DDF25 /* MuShare-iOSTests */,
				E4B86BB51CC897D0005DDF25 /* MuShare-iOSUITests */,
				E4B86B8C1CC897D0005DDF25 /* Products */,
				C82813C36F272214AD3D6B76 /* Pods */,
				B7E7106E753604EC6B2B090E /* Frameworks */,
			);
			sourceTree = "<group>";
		};
		E4B86B8C1CC897D0005DDF25 /* Products */ = {
			isa = PBXGroup;
			children = (
				E4B86B8B1CC897D0005DDF25 /* MuShare-iOS.app */,
				E4B86BA71CC897D0005DDF25 /* MuShare-iOSTests.xctest */,
				E4B86BB21CC897D0005DDF25 /* MuShare-iOSUITests.xctest */,
			);
			name = Products;
			sourceTree = "<group>";
		};
		E4B86B8D1CC897D0005DDF25 /* MuShare-iOS */ = {
			isa = PBXGroup;
			children = (
				E488ECCE1CF974EF00253CF2 /* Sheet */,
				E45539111CE6EF9000ECD499 /* Friend */,
				E446CFBC1CE1C5BB007FD645 /* Main */,
				E488B1371CDDCB28009CA5C4 /* Dao */,
				E488B12D1CDDC37C009CA5C4 /* Model */,
				E4C1BC6F1CD490E300AB3F9A /* Core */,
				E4C1BC791CD49B7F00AB3F9A /* User */,
				E4B86B911CC897D0005DDF25 /* AppDelegate.h */,
				E4B86B921CC897D0005DDF25 /* AppDelegate.m */,
				E4B86B9A1CC897D0005DDF25 /* Main.storyboard */,
				E429BCB51D38BD0300A4FAC0 /* Assets.xcassets */,
				E4B86B9F1CC897D0005DDF25 /* LaunchScreen.storyboard */,
				E4B86BA21CC897D0005DDF25 /* Info.plist */,
				E4B86B8E1CC897D0005DDF25 /* Supporting Files */,
			);
			path = "MuShare-iOS";
			sourceTree = "<group>";
		};
		E4B86B8E1CC897D0005DDF25 /* Supporting Files */ = {
			isa = PBXGroup;
			children = (
				E4B86BC41CC89BF8005DDF25 /* login-bg.jpg */,
				E4B86B8F1CC897D0005DDF25 /* main.m */,
			);
			name = "Supporting Files";
			sourceTree = "<group>";
		};
		E4B86BAA1CC897D0005DDF25 /* MuShare-iOSTests */ = {
			isa = PBXGroup;
			children = (
				E4B86BAB1CC897D0005DDF25 /* MuShare_iOSTests.m */,
				E4B86BAD1CC897D0005DDF25 /* Info.plist */,
			);
			path = "MuShare-iOSTests";
			sourceTree = "<group>";
		};
		E4B86BB51CC897D0005DDF25 /* MuShare-iOSUITests */ = {
			isa = PBXGroup;
			children = (
				E4B86BB61CC897D0005DDF25 /* MuShare_iOSUITests.m */,
				E4B86BB81CC897D0005DDF25 /* Info.plist */,
			);
			path = "MuShare-iOSUITests";
			sourceTree = "<group>";
		};
		E4C1BC6F1CD490E300AB3F9A /* Core */ = {
			isa = PBXGroup;
			children = (
				E4B130271D375D6C008FF103 /* DateTool.h */,
				E4B130281D375D6C008FF103 /* DateTool.m */,
				E488B1241CDDB594009CA5C4 /* InternetHelper.h */,
				E488B1251CDDB594009CA5C4 /* InternetHelper.m */,
				E4666B551D36017700C90B6D /* InternetResponse.h */,
				E4666B561D36017700C90B6D /* InternetResponse.m */,
				E4AB32971D3480BD0037B892 /* AlertTool.h */,
				E4AB32981D3480BD0037B892 /* AlertTool.m */,
			);
			name = Core;
			sourceTree = "<group>";
		};
		E4C1BC791CD49B7F00AB3F9A /* User */ = {
			isa = PBXGroup;
			children = (
				E4C1BC7A1CD49BA400AB3F9A /* RegisterViewController.h */,
				E4C1BC7B1CD49BA400AB3F9A /* RegisterViewController.m */,
				E488B1271CDDBD61009CA5C4 /* LoginViewController.h */,
				E488B1281CDDBD61009CA5C4 /* LoginViewController.m */,
				E455390E1CE6ECC900ECD499 /* MeTableViewController.h */,
				E455390F1CE6ECC900ECD499 /* MeTableViewController.m */,
				E4B130211D375521008FF103 /* NameViewController.h */,
				E4B130221D375521008FF103 /* NameViewController.m */,
				E4B130241D375BCE008FF103 /* MyProfileTableViewController.h */,
				E4B130251D375BCE008FF103 /* MyProfileTableViewController.m */,
			);
			name = User;
			sourceTree = "<group>";
		};
/* End PBXGroup section */

/* Begin PBXNativeTarget section */
		E4B86B8A1CC897D0005DDF25 /* MuShare-iOS */ = {
			isa = PBXNativeTarget;
			buildConfigurationList = E4B86BBB1CC897D0005DDF25 /* Build configuration list for PBXNativeTarget "MuShare-iOS" */;
			buildPhases = (
				09843EF8D54C6AA153F671E4 /* Check Pods Manifest.lock */,
				E4B86B871CC897D0005DDF25 /* Sources */,
				E4B86B881CC897D0005DDF25 /* Frameworks */,
				E4B86B891CC897D0005DDF25 /* Resources */,
				ED5B67A4177582FC6DC35AC1 /* Embed Pods Frameworks */,
				9559DE652FA1CD4A16D518D9 /* Copy Pods Resources */,
			);
			buildRules = (
			);
			dependencies = (
			);
			name = "MuShare-iOS";
			productName = "MuShare-iOS";
			productReference = E4B86B8B1CC897D0005DDF25 /* MuShare-iOS.app */;
			productType = "com.apple.product-type.application";
		};
		E4B86BA61CC897D0005DDF25 /* MuShare-iOSTests */ = {
			isa = PBXNativeTarget;
			buildConfigurationList = E4B86BBE1CC897D0005DDF25 /* Build configuration list for PBXNativeTarget "MuShare-iOSTests" */;
			buildPhases = (
				E4B86BA31CC897D0005DDF25 /* Sources */,
				E4B86BA41CC897D0005DDF25 /* Frameworks */,
				E4B86BA51CC897D0005DDF25 /* Resources */,
			);
			buildRules = (
			);
			dependencies = (
				E4B86BA91CC897D0005DDF25 /* PBXTargetDependency */,
			);
			name = "MuShare-iOSTests";
			productName = "MuShare-iOSTests";
			productReference = E4B86BA71CC897D0005DDF25 /* MuShare-iOSTests.xctest */;
			productType = "com.apple.product-type.bundle.unit-test";
		};
		E4B86BB11CC897D0005DDF25 /* MuShare-iOSUITests */ = {
			isa = PBXNativeTarget;
			buildConfigurationList = E4B86BC11CC897D0005DDF25 /* Build configuration list for PBXNativeTarget "MuShare-iOSUITests" */;
			buildPhases = (
				E4B86BAE1CC897D0005DDF25 /* Sources */,
				E4B86BAF1CC897D0005DDF25 /* Frameworks */,
				E4B86BB01CC897D0005DDF25 /* Resources */,
			);
			buildRules = (
			);
			dependencies = (
				E4B86BB41CC897D0005DDF25 /* PBXTargetDependency */,
			);
			name = "MuShare-iOSUITests";
			productName = "MuShare-iOSUITests";
			productReference = E4B86BB21CC897D0005DDF25 /* MuShare-iOSUITests.xctest */;
			productType = "com.apple.product-type.bundle.ui-testing";
		};
/* End PBXNativeTarget section */

/* Begin PBXProject section */
		E4B86B831CC897D0005DDF25 /* Project object */ = {
			isa = PBXProject;
			attributes = {
				LastUpgradeCheck = 0730;
				ORGANIZATIONNAME = limeng;
				TargetAttributes = {
					E4B86B8A1CC897D0005DDF25 = {
						CreatedOnToolsVersion = 7.3;
						DevelopmentTeam = 5EE3Z46PC9;
					};
					E4B86BA61CC897D0005DDF25 = {
						CreatedOnToolsVersion = 7.3;
						DevelopmentTeam = 48X958YKXE;
						TestTargetID = E4B86B8A1CC897D0005DDF25;
					};
					E4B86BB11CC897D0005DDF25 = {
						CreatedOnToolsVersion = 7.3;
						DevelopmentTeam = 48X958YKXE;
						TestTargetID = E4B86B8A1CC897D0005DDF25;
					};
				};
			};
			buildConfigurationList = E4B86B861CC897D0005DDF25 /* Build configuration list for PBXProject "MuShare-iOS" */;
			compatibilityVersion = "Xcode 3.2";
			developmentRegion = English;
			hasScannedForEncodings = 0;
			knownRegions = (
				en,
				Base,
			);
			mainGroup = E4B86B821CC897D0005DDF25;
			productRefGroup = E4B86B8C1CC897D0005DDF25 /* Products */;
			projectDirPath = "";
			projectRoot = "";
			targets = (
				E4B86B8A1CC897D0005DDF25 /* MuShare-iOS */,
				E4B86BA61CC897D0005DDF25 /* MuShare-iOSTests */,
				E4B86BB11CC897D0005DDF25 /* MuShare-iOSUITests */,
			);
		};
/* End PBXProject section */

/* Begin PBXResourcesBuildPhase section */
		E4B86B891CC897D0005DDF25 /* Resources */ = {
			isa = PBXResourcesBuildPhase;
			buildActionMask = 2147483647;
			files = (
				E4B86BA11CC897D0005DDF25 /* LaunchScreen.storyboard in Resources */,
				E4B86BC51CC89BF8005DDF25 /* login-bg.jpg in Resources */,
				E429BCB61D38BD0300A4FAC0 /* Assets.xcassets in Resources */,
				E4B86B9C1CC897D0005DDF25 /* Main.storyboard in Resources */,
			);
			runOnlyForDeploymentPostprocessing = 0;
		};
		E4B86BA51CC897D0005DDF25 /* Resources */ = {
			isa = PBXResourcesBuildPhase;
			buildActionMask = 2147483647;
			files = (
			);
			runOnlyForDeploymentPostprocessing = 0;
		};
		E4B86BB01CC897D0005DDF25 /* Resources */ = {
			isa = PBXResourcesBuildPhase;
			buildActionMask = 2147483647;
			files = (
			);
			runOnlyForDeploymentPostprocessing = 0;
		};
/* End PBXResourcesBuildPhase section */

/* Begin PBXShellScriptBuildPhase section */
		09843EF8D54C6AA153F671E4 /* Check Pods Manifest.lock */ = {
			isa = PBXShellScriptBuildPhase;
			buildActionMask = 2147483647;
			files = (
			);
			inputPaths = (
			);
			name = "Check Pods Manifest.lock";
			outputPaths = (
			);
			runOnlyForDeploymentPostprocessing = 0;
			shellPath = /bin/sh;
			shellScript = "diff \"${PODS_ROOT}/../Podfile.lock\" \"${PODS_ROOT}/Manifest.lock\" > /dev/null\nif [[ $? != 0 ]] ; then\n    cat << EOM\nerror: The sandbox is not in sync with the Podfile.lock. Run 'pod install' or update your CocoaPods installation.\nEOM\n    exit 1\nfi\n";
			showEnvVarsInLog = 0;
		};
		9559DE652FA1CD4A16D518D9 /* Copy Pods Resources */ = {
			isa = PBXShellScriptBuildPhase;
			buildActionMask = 2147483647;
			files = (
			);
			inputPaths = (
			);
			name = "Copy Pods Resources";
			outputPaths = (
			);
			runOnlyForDeploymentPostprocessing = 0;
			shellPath = /bin/sh;
			shellScript = "\"${SRCROOT}/Pods/Target Support Files/Pods/Pods-resources.sh\"\n";
			showEnvVarsInLog = 0;
		};
		ED5B67A4177582FC6DC35AC1 /* Embed Pods Frameworks */ = {
			isa = PBXShellScriptBuildPhase;
			buildActionMask = 2147483647;
			files = (
			);
			inputPaths = (
			);
			name = "Embed Pods Frameworks";
			outputPaths = (
			);
			runOnlyForDeploymentPostprocessing = 0;
			shellPath = /bin/sh;
			shellScript = "\"${SRCROOT}/Pods/Target Support Files/Pods/Pods-frameworks.sh\"\n";
			showEnvVarsInLog = 0;
		};
/* End PBXShellScriptBuildPhase section */

/* Begin PBXSourcesBuildPhase section */
		E4B86B871CC897D0005DDF25 /* Sources */ = {
			isa = PBXSourcesBuildPhase;
			buildActionMask = 2147483647;
			files = (
				E4B86B931CC897D0005DDF25 /* AppDelegate.m in Sources */,
				E4666B531D3600F400C90B6D /* Sheet+CoreDataProperties.m in Sources */,
				E488ECD11CF9750100253CF2 /* SheetsTableViewController.m in Sources */,
				E4C1BC7C1CD49BA400AB3F9A /* RegisterViewController.m in Sources */,
				E4AC3E221CF961400052AC6F /* FriendDao.m in Sources */,
				E4666B5A1D3606C900C90B6D /* SheetDao.m in Sources */,
				E488ECD41CF9751800253CF2 /* AddSheetViewController.m in Sources */,
				E488B1331CDDC83E009CA5C4 /* User.m in Sources */,
				E488B1291CDDBD61009CA5C4 /* LoginViewController.m in Sources */,
				E4AB32991D3480BD0037B892 /* AlertTool.m in Sources */,
				E495C17D1CF037CF0010D0CC /* FriendRequestViewController.m in Sources */,
				E4B130261D375BCE008FF103 /* MyProfileTableViewController.m in Sources */,
				E446CFBF1CE1C5CF007FD645 /* MainViewController.m in Sources */,
				E4666B541D3600F400C90B6D /* Sheet.m in Sources */,
				E4B130291D375D6C008FF103 /* DateTool.m in Sources */,
				E4666B5D1D3636DD00C90B6D /* SheetTableViewController.m in Sources */,
				E45539171CE6FA9800ECD499 /* FriendTableViewController.m in Sources */,
				E4666B571D36017700C90B6D /* InternetResponse.m in Sources */,
				E45539101CE6ECC900ECD499 /* MeTableViewController.m in Sources */,
				E4AC3E1F1CF961070052AC6F /* Friend.m in Sources */,
				E488B1261CDDB594009CA5C4 /* InternetHelper.m in Sources */,
				E45539141CE6EFA700ECD499 /* AddFriendTableViewController.m in Sources */,
				E488B13D1CDDD02A009CA5C4 /* DaoManager.m in Sources */,
				E488B13A1CDDCB42009CA5C4 /* UserDao.m in Sources */,
				E4B130231D375521008FF103 /* NameViewController.m in Sources */,
				E4B86B901CC897D0005DDF25 /* main.m in Sources */,
				E488B1321CDDC83E009CA5C4 /* User+CoreDataProperties.m in Sources */,
				E488B1361CDDCA7E009CA5C4 /* DaoTemplate.m in Sources */,
				E4AC3E251CF9653A0052AC6F /* FriendRequestTableViewController.m in Sources */,
				E488B12C1CDDC36F009CA5C4 /* Model.xcdatamodeld in Sources */,
				E4AC3E1E1CF961070052AC6F /* Friend+CoreDataProperties.m in Sources */,
			);
			runOnlyForDeploymentPostprocessing = 0;
		};
		E4B86BA31CC897D0005DDF25 /* Sources */ = {
			isa = PBXSourcesBuildPhase;
			buildActionMask = 2147483647;
			files = (
				E4B86BAC1CC897D0005DDF25 /* MuShare_iOSTests.m in Sources */,
			);
			runOnlyForDeploymentPostprocessing = 0;
		};
		E4B86BAE1CC897D0005DDF25 /* Sources */ = {
			isa = PBXSourcesBuildPhase;
			buildActionMask = 2147483647;
			files = (
				E4B86BB71CC897D0005DDF25 /* MuShare_iOSUITests.m in Sources */,
			);
			runOnlyForDeploymentPostprocessing = 0;
		};
/* End PBXSourcesBuildPhase section */

/* Begin PBXTargetDependency section */
		E4B86BA91CC897D0005DDF25 /* PBXTargetDependency */ = {
			isa = PBXTargetDependency;
			target = E4B86B8A1CC897D0005DDF25 /* MuShare-iOS */;
			targetProxy = E4B86BA81CC897D0005DDF25 /* PBXContainerItemProxy */;
		};
		E4B86BB41CC897D0005DDF25 /* PBXTargetDependency */ = {
			isa = PBXTargetDependency;
			target = E4B86B8A1CC897D0005DDF25 /* MuShare-iOS */;
			targetProxy = E4B86BB31CC897D0005DDF25 /* PBXContainerItemProxy */;
		};
/* End PBXTargetDependency section */

/* Begin PBXVariantGroup section */
		E4B86B9A1CC897D0005DDF25 /* Main.storyboard */ = {
			isa = PBXVariantGroup;
			children = (
				E4B86B9B1CC897D0005DDF25 /* Base */,
			);
			name = Main.storyboard;
			sourceTree = "<group>";
		};
		E4B86B9F1CC897D0005DDF25 /* LaunchScreen.storyboard */ = {
			isa = PBXVariantGroup;
			children = (
				E4B86BA01CC897D0005DDF25 /* Base */,
			);
			name = LaunchScreen.storyboard;
			sourceTree = "<group>";
		};
/* End PBXVariantGroup section */

/* Begin XCBuildConfiguration section */
		E4B86BB91CC897D0005DDF25 /* Debug */ = {
			isa = XCBuildConfiguration;
			buildSettings = {
				ALWAYS_SEARCH_USER_PATHS = NO;
				CLANG_ANALYZER_NONNULL = YES;
				CLANG_CXX_LANGUAGE_STANDARD = "gnu++0x";
				CLANG_CXX_LIBRARY = "libc++";
				CLANG_ENABLE_MODULES = YES;
				CLANG_ENABLE_OBJC_ARC = YES;
				CLANG_WARN_BOOL_CONVERSION = YES;
				CLANG_WARN_CONSTANT_CONVERSION = YES;
				CLANG_WARN_DIRECT_OBJC_ISA_USAGE = YES_ERROR;
				CLANG_WARN_EMPTY_BODY = YES;
				CLANG_WARN_ENUM_CONVERSION = YES;
				CLANG_WARN_INT_CONVERSION = YES;
				CLANG_WARN_OBJC_ROOT_CLASS = YES_ERROR;
				CLANG_WARN_UNREACHABLE_CODE = YES;
				CLANG_WARN__DUPLICATE_METHOD_MATCH = YES;
				"CODE_SIGN_IDENTITY[sdk=iphoneos*]" = "iPhone Developer";
				COPY_PHASE_STRIP = NO;
				DEBUG_INFORMATION_FORMAT = dwarf;
				ENABLE_STRICT_OBJC_MSGSEND = YES;
				ENABLE_TESTABILITY = YES;
				GCC_C_LANGUAGE_STANDARD = gnu99;
				GCC_DYNAMIC_NO_PIC = NO;
				GCC_NO_COMMON_BLOCKS = YES;
				GCC_OPTIMIZATION_LEVEL = 0;
				GCC_PREPROCESSOR_DEFINITIONS = (
					"DEBUG=1",
					"$(inherited)",
				);
				GCC_WARN_64_TO_32_BIT_CONVERSION = YES;
				GCC_WARN_ABOUT_RETURN_TYPE = YES_ERROR;
				GCC_WARN_UNDECLARED_SELECTOR = YES;
				GCC_WARN_UNINITIALIZED_AUTOS = YES_AGGRESSIVE;
				GCC_WARN_UNUSED_FUNCTION = YES;
				GCC_WARN_UNUSED_VARIABLE = YES;
				IPHONEOS_DEPLOYMENT_TARGET = 9.3;
				MTL_ENABLE_DEBUG_INFO = YES;
				ONLY_ACTIVE_ARCH = YES;
				SDKROOT = iphoneos;
				TARGETED_DEVICE_FAMILY = "1,2";
			};
			name = Debug;
		};
		E4B86BBA1CC897D0005DDF25 /* Release */ = {
			isa = XCBuildConfiguration;
			buildSettings = {
				ALWAYS_SEARCH_USER_PATHS = NO;
				CLANG_ANALYZER_NONNULL = YES;
				CLANG_CXX_LANGUAGE_STANDARD = "gnu++0x";
				CLANG_CXX_LIBRARY = "libc++";
				CLANG_ENABLE_MODULES = YES;
				CLANG_ENABLE_OBJC_ARC = YES;
				CLANG_WARN_BOOL_CONVERSION = YES;
				CLANG_WARN_CONSTANT_CONVERSION = YES;
				CLANG_WARN_DIRECT_OBJC_ISA_USAGE = YES_ERROR;
				CLANG_WARN_EMPTY_BODY = YES;
				CLANG_WARN_ENUM_CONVERSION = YES;
				CLANG_WARN_INT_CONVERSION = YES;
				CLANG_WARN_OBJC_ROOT_CLASS = YES_ERROR;
				CLANG_WARN_UNREACHABLE_CODE = YES;
				CLANG_WARN__DUPLICATE_METHOD_MATCH = YES;
				"CODE_SIGN_IDENTITY[sdk=iphoneos*]" = "iPhone Developer";
				COPY_PHASE_STRIP = NO;
				DEBUG_INFORMATION_FORMAT = "dwarf-with-dsym";
				ENABLE_NS_ASSERTIONS = NO;
				ENABLE_STRICT_OBJC_MSGSEND = YES;
				GCC_C_LANGUAGE_STANDARD = gnu99;
				GCC_NO_COMMON_BLOCKS = YES;
				GCC_WARN_64_TO_32_BIT_CONVERSION = YES;
				GCC_WARN_ABOUT_RETURN_TYPE = YES_ERROR;
				GCC_WARN_UNDECLARED_SELECTOR = YES;
				GCC_WARN_UNINITIALIZED_AUTOS = YES_AGGRESSIVE;
				GCC_WARN_UNUSED_FUNCTION = YES;
				GCC_WARN_UNUSED_VARIABLE = YES;
				IPHONEOS_DEPLOYMENT_TARGET = 9.3;
				MTL_ENABLE_DEBUG_INFO = NO;
				SDKROOT = iphoneos;
				TARGETED_DEVICE_FAMILY = "1,2";
				VALIDATE_PRODUCT = YES;
			};
			name = Release;
		};
		E4B86BBC1CC897D0005DDF25 /* Debug */ = {
			isa = XCBuildConfiguration;
			baseConfigurationReference = EA5EC9F7DD476308D303B5C2 /* Pods.debug.xcconfig */;
			buildSettings = {
				CODE_SIGN_IDENTITY = "iPhone Developer";
				"CODE_SIGN_IDENTITY[sdk=iphoneos*]" = "iPhone Developer";
				INFOPLIST_FILE = "MuShare-iOS/Info.plist";
				IPHONEOS_DEPLOYMENT_TARGET = 9.0;
				LD_RUNPATH_SEARCH_PATHS = "$(inherited) @executable_path/Frameworks";
				PRODUCT_BUNDLE_IDENTIFIER = "edu.ut.MuShare-iOS";
				PRODUCT_NAME = "$(TARGET_NAME)";
				PROVISIONING_PROFILE = "";
			};
			name = Debug;
		};
		E4B86BBD1CC897D0005DDF25 /* Release */ = {
			isa = XCBuildConfiguration;
			baseConfigurationReference = EC9D01923BC1E766110F0C4A /* Pods.release.xcconfig */;
			buildSettings = {
				CODE_SIGN_IDENTITY = "iPhone Developer";
				"CODE_SIGN_IDENTITY[sdk=iphoneos*]" = "iPhone Developer";
				INFOPLIST_FILE = "MuShare-iOS/Info.plist";
				IPHONEOS_DEPLOYMENT_TARGET = 9.0;
				LD_RUNPATH_SEARCH_PATHS = "$(inherited) @executable_path/Frameworks";
				PRODUCT_BUNDLE_IDENTIFIER = "edu.ut.MuShare-iOS";
				PRODUCT_NAME = "$(TARGET_NAME)";
				PROVISIONING_PROFILE = "";
			};
			name = Release;
		};
		E4B86BBF1CC897D0005DDF25 /* Debug */ = {
			isa = XCBuildConfiguration;
			buildSettings = {
				BUNDLE_LOADER = "$(TEST_HOST)";
				INFOPLIST_FILE = "MuShare-iOSTests/Info.plist";
				LD_RUNPATH_SEARCH_PATHS = "$(inherited) @executable_path/Frameworks @loader_path/Frameworks";
				PRODUCT_BUNDLE_IDENTIFIER = "edu.ut.cs.MuShare-iOSTests";
				PRODUCT_NAME = "$(TARGET_NAME)";
				TEST_HOST = "$(BUILT_PRODUCTS_DIR)/MuShare-iOS.app/MuShare-iOS";
			};
			name = Debug;
		};
		E4B86BC01CC897D0005DDF25 /* Release */ = {
			isa = XCBuildConfiguration;
			buildSettings = {
				BUNDLE_LOADER = "$(TEST_HOST)";
				INFOPLIST_FILE = "MuShare-iOSTests/Info.plist";
				LD_RUNPATH_SEARCH_PATHS = "$(inherited) @executable_path/Frameworks @loader_path/Frameworks";
				PRODUCT_BUNDLE_IDENTIFIER = "edu.ut.cs.MuShare-iOSTests";
				PRODUCT_NAME = "$(TARGET_NAME)";
				TEST_HOST = "$(BUILT_PRODUCTS_DIR)/MuShare-iOS.app/MuShare-iOS";
			};
			name = Release;
		};
		E4B86BC21CC897D0005DDF25 /* Debug */ = {
			isa = XCBuildConfiguration;
			buildSettings = {
				INFOPLIST_FILE = "MuShare-iOSUITests/Info.plist";
				LD_RUNPATH_SEARCH_PATHS = "$(inherited) @executable_path/Frameworks @loader_path/Frameworks";
				PRODUCT_BUNDLE_IDENTIFIER = "edu.ut.cs.MuShare-iOSUITests";
				PRODUCT_NAME = "$(TARGET_NAME)";
				TEST_TARGET_NAME = "MuShare-iOS";
			};
			name = Debug;
		};
		E4B86BC31CC897D0005DDF25 /* Release */ = {
			isa = XCBuildConfiguration;
			buildSettings = {
				INFOPLIST_FILE = "MuShare-iOSUITests/Info.plist";
				LD_RUNPATH_SEARCH_PATHS = "$(inherited) @executable_path/Frameworks @loader_path/Frameworks";
				PRODUCT_BUNDLE_IDENTIFIER = "edu.ut.cs.MuShare-iOSUITests";
				PRODUCT_NAME = "$(TARGET_NAME)";
				TEST_TARGET_NAME = "MuShare-iOS";
			};
			name = Release;
		};
/* End XCBuildConfiguration section */

/* Begin XCConfigurationList section */
		E4B86B861CC897D0005DDF25 /* Build configuration list for PBXProject "MuShare-iOS" */ = {
			isa = XCConfigurationList;
			buildConfigurations = (
				E4B86BB91CC897D0005DDF25 /* Debug */,
				E4B86BBA1CC897D0005DDF25 /* Release */,
			);
			defaultConfigurationIsVisible = 0;
			defaultConfigurationName = Release;
		};
		E4B86BBB1CC897D0005DDF25 /* Build configuration list for PBXNativeTarget "MuShare-iOS" */ = {
			isa = XCConfigurationList;
			buildConfigurations = (
				E4B86BBC1CC897D0005DDF25 /* Debug */,
				E4B86BBD1CC897D0005DDF25 /* Release */,
			);
			defaultConfigurationIsVisible = 0;
			defaultConfigurationName = Release;
		};
		E4B86BBE1CC897D0005DDF25 /* Build configuration list for PBXNativeTarget "MuShare-iOSTests" */ = {
			isa = XCConfigurationList;
			buildConfigurations = (
				E4B86BBF1CC897D0005DDF25 /* Debug */,
				E4B86BC01CC897D0005DDF25 /* Release */,
			);
			defaultConfigurationIsVisible = 0;
			defaultConfigurationName = Release;
		};
		E4B86BC11CC897D0005DDF25 /* Build configuration list for PBXNativeTarget "MuShare-iOSUITests" */ = {
			isa = XCConfigurationList;
			buildConfigurations = (
				E4B86BC21CC897D0005DDF25 /* Debug */,
				E4B86BC31CC897D0005DDF25 /* Release */,
			);
			defaultConfigurationIsVisible = 0;
			defaultConfigurationName = Release;
		};
/* End XCConfigurationList section */

/* Begin XCVersionGroup section */
		E488B12A1CDDC36F009CA5C4 /* Model.xcdatamodeld */ = {
			isa = XCVersionGroup;
			children = (
				E488B12B1CDDC36F009CA5C4 /* Model.xcdatamodel */,
			);
			currentVersion = E488B12B1CDDC36F009CA5C4 /* Model.xcdatamodel */;
			path = Model.xcdatamodeld;
			sourceTree = "<group>";
			versionGroupType = wrapper.xcdatamodel;
		};
/* End XCVersionGroup section */
	};
	rootObject = E4B86B831CC897D0005DDF25 /* Project object */;
}
